{
  "name": "ninjagoat-seed",
  "version": "2.0.2",
  "lockfileVersion": 1,
  "requires": true,
  "dependencies": {
    "@types/expect.js": {
      "version": "0.3.29",
      "resolved": "https://registry.npmjs.org/@types/expect.js/-/expect.js-0.3.29.tgz",
      "integrity": "sha1-KN01kVW4S47LCUr8P0t0wyItyjs=",
      "dev": true
    },
    "@types/history": {
      "version": "2.0.48",
      "resolved": "https://registry.npmjs.org/@types/history/-/history-2.0.48.tgz",
      "integrity": "sha1-fihow61z2DxILx1o8UjE/cecink="
    },
    "@types/lodash": {
      "version": "4.14.54",
      "resolved": "https://registry.npmjs.org/@types/lodash/-/lodash-4.14.54.tgz",
      "integrity": "sha1-KH27zZfV2mnCXKmfta+oHEg5t/o="
    },
    "@types/mocha": {
      "version": "2.2.42",
      "resolved": "https://registry.npmjs.org/@types/mocha/-/mocha-2.2.42.tgz",
      "integrity": "sha512-b6gVDoxEbAQGwbV7gSzeFw/hy3/eEAokztktdzl4bHvGgb9K5zW4mVQDlVYch2w31m8t/J7L2iqhQvz3r5edCQ==",
      "dev": true
    },
    "@types/node": {
      "version": "7.0.43",
      "resolved": "https://registry.npmjs.org/@types/node/-/node-7.0.43.tgz",
      "integrity": "sha512-7scYwwfHNppXvH/9JzakbVxk0o0QUILVk1Lv64GRaxwPuGpnF1QBiwdvhDpLcymb8BpomQL3KYoWKq3wUdDMhQ=="
    },
    "@types/qs": {
      "version": "6.2.31",
      "resolved": "https://registry.npmjs.org/@types/qs/-/qs-6.2.31.tgz",
      "integrity": "sha1-fZKb2Hf5zT7OZBXGArfPmwdxM/E="
    },
    "@types/react": {
      "version": "15.0.38",
      "resolved": "https://registry.npmjs.org/@types/react/-/react-15.0.38.tgz",
      "integrity": "sha512-CkRB27L/kMDu7K20U0V7BwYK9/kPd9Im6Jlxv2vAEolYBvQy6JrSpPJsbZXtOk4MoDUomkct8Q7PNBUSLd0fmg=="
    },
    "@types/react-dom": {
      "version": "15.5.4",
      "resolved": "https://registry.npmjs.org/@types/react-dom/-/react-dom-15.5.4.tgz",
      "integrity": "sha512-70jxjspCatgOXpRptyp/T8bag5prWMvd/rjc5trY3xiKQJOFfWMxGI8pSEJMHi9KQRAhpiLCbJLzcbVFX/nw2w==",
      "requires": {
        "@types/react": "15.0.38"
      }
    },
    "@types/react-router": {
      "version": "3.0.13",
      "resolved": "https://registry.npmjs.org/@types/react-router/-/react-router-3.0.13.tgz",
      "integrity": "sha512-yPIa3UH7C03M73Va24EMenQIHJfLmm1HrecnBbK9kdMZqkDwwCfZZe+TR0aZ2O3YBDRZtF9ahQFmXqxC3USTaA==",
      "requires": {
        "@types/history": "3.2.1",
        "@types/react": "15.0.38"
      },
      "dependencies": {
        "@types/history": {
          "version": "3.2.1",
          "resolved": "https://registry.npmjs.org/@types/history/-/history-3.2.1.tgz",
          "integrity": "sha1-ADmrDgvioMwiusFx0npEWIED0SM="
        }
      }
    },
    "@types/socket.io-client": {
      "version": "1.4.30",
      "resolved": "https://registry.npmjs.org/@types/socket.io-client/-/socket.io-client-1.4.30.tgz",
      "integrity": "sha512-iBRrnHweLU2LRd8V3W0fD6z8+t9uEYN/6GPK2awwknKhOt55ZaG08f1sELeWejE6vJCnDvHAjfFkbWRJZ0+DDQ=="
    },
    "after": {
      "version": "0.8.1",
      "resolved": "https://registry.npmjs.org/after/-/after-0.8.1.tgz",
      "integrity": "sha1-q11PuIP1loFtNRX495HAr0ht1ic="
    },
    "ansi-green": {
      "version": "0.1.1",
      "resolved": "https://registry.npmjs.org/ansi-green/-/ansi-green-0.1.1.tgz",
      "integrity": "sha1-il2al55FjVfEDjNYCzc5C44Q0Pc=",
      "requires": {
        "ansi-wrap": "0.1.0"
      }
    },
    "ansi-wrap": {
      "version": "0.1.0",
      "resolved": "https://registry.npmjs.org/ansi-wrap/-/ansi-wrap-0.1.0.tgz",
      "integrity": "sha1-qCJQ3bABXponyoLoLqYDu/pF768="
    },
    "arr-union": {
      "version": "3.1.0",
      "resolved": "https://registry.npmjs.org/arr-union/-/arr-union-3.1.0.tgz",
      "integrity": "sha1-45sJrqne+Gao8gbiiK9jkZuuOcQ="
    },
    "arraybuffer.slice": {
      "version": "0.0.6",
      "resolved": "https://registry.npmjs.org/arraybuffer.slice/-/arraybuffer.slice-0.0.6.tgz",
      "integrity": "sha1-8zshWfBTKj8xB6JywMz70a0peco="
    },
    "asap": {
      "version": "2.0.6",
      "resolved": "https://registry.npmjs.org/asap/-/asap-2.0.6.tgz",
      "integrity": "sha1-5QNHYR1+aQlDIIu9r+vLwvuGbUY="
    },
    "async-array-reduce": {
      "version": "0.2.1",
      "resolved": "https://registry.npmjs.org/async-array-reduce/-/async-array-reduce-0.2.1.tgz",
      "integrity": "sha1-yL4BCitc0A3qlsgRFgNGk9/dgtE="
    },
    "async-each": {
      "version": "1.0.1",
      "resolved": "https://registry.npmjs.org/async-each/-/async-each-1.0.1.tgz",
      "integrity": "sha1-GdOGodntxufByF04iu28xW0zYC0="
    },
    "backo2": {
      "version": "1.0.2",
      "resolved": "https://registry.npmjs.org/backo2/-/backo2-1.0.2.tgz",
      "integrity": "sha1-MasayLEpNjRj41s+u2n038+6eUc="
    },
    "balanced-match": {
      "version": "1.0.0",
      "resolved": "https://registry.npmjs.org/balanced-match/-/balanced-match-1.0.0.tgz",
      "integrity": "sha1-ibTRmasr7kneFk6gK4nORi1xt2c="
    },
    "base64-arraybuffer": {
      "version": "0.1.2",
      "resolved": "https://registry.npmjs.org/base64-arraybuffer/-/base64-arraybuffer-0.1.2.tgz",
      "integrity": "sha1-R030qfLaJOBd8xWMOx2zw81GoVQ="
    },
    "benchmark": {
      "version": "1.0.0",
      "resolved": "https://registry.npmjs.org/benchmark/-/benchmark-1.0.0.tgz",
      "integrity": "sha1-Lx4vpMNZ8REiqhgwgiGOlX45DHM="
    },
    "better-assert": {
      "version": "1.0.2",
      "resolved": "https://registry.npmjs.org/better-assert/-/better-assert-1.0.2.tgz",
      "integrity": "sha1-QIZrnhueC1W0gYlDEeaPr/rrxSI=",
      "requires": {
        "callsite": "1.0.0"
      }
    },
    "bivio": {
      "version": "0.3.2",
      "resolved": "https://registry.npmjs.org/bivio/-/bivio-0.3.2.tgz",
      "integrity": "sha1-RoD8VR+YJ3kopiXzUPjkVGVWY9k=",
      "requires": {
        "@types/lodash": "4.14.43",
        "@types/node": "6.0.88",
        "envify": "4.0.0",
        "lodash": "4.17.4",
        "reflect-metadata": "0.1.8"
      },
      "dependencies": {
        "@types/lodash": {
          "version": "4.14.43",
          "resolved": "https://registry.npmjs.org/@types/lodash/-/lodash-4.14.43.tgz",
          "integrity": "sha1-A3PeQi5w9bzhLBU0AQOjwSbIEIY="
        },
        "@types/node": {
          "version": "6.0.88",
          "resolved": "https://registry.npmjs.org/@types/node/-/node-6.0.88.tgz",
          "integrity": "sha512-bYDPZTX0/s1aihdjLuAgogUAT5M+TpoWChEMea2p0yOcfn5bu3k6cJb9cp6nw268XeSNIGGr+4+/8V5K6BGzLQ=="
        },
        "lodash": {
          "version": "4.17.4",
          "resolved": "https://registry.npmjs.org/lodash/-/lodash-4.17.4.tgz",
          "integrity": "sha1-eCA6TRwyiuHYbcpkYONptX9AVa4="
        },
        "reflect-metadata": {
          "version": "0.1.8",
          "resolved": "https://registry.npmjs.org/reflect-metadata/-/reflect-metadata-0.1.8.tgz",
          "integrity": "sha1-ckJtVwtgd242iJaL1auVN6Fc7PY="
        }
      }
    },
    "blob": {
      "version": "0.0.4",
      "resolved": "https://registry.npmjs.org/blob/-/blob-0.0.4.tgz",
      "integrity": "sha1-vPEwUspURj8w+fx+lbmkdjCpSSE="
    },
    "bluebird": {
      "version": "3.5.0",
      "resolved": "https://registry.npmjs.org/bluebird/-/bluebird-3.5.0.tgz",
      "integrity": "sha1-eRQg1/VR7qKJdFOop3ZT+WYG1nw="
    },
    "brace-expansion": {
      "version": "1.1.8",
      "resolved": "https://registry.npmjs.org/brace-expansion/-/brace-expansion-1.1.8.tgz",
      "integrity": "sha1-wHshHHyVLsH479Uad+8NHTmQopI=",
      "requires": {
        "balanced-match": "1.0.0",
        "concat-map": "0.0.1"
      }
    },
    "callsite": {
      "version": "1.0.0",
      "resolved": "https://registry.npmjs.org/callsite/-/callsite-1.0.0.tgz",
      "integrity": "sha1-KAOY5dZkvXQDi28JBRU+borxvCA="
    },
    "chupacabras": {
      "version": "2.0.0-1",
      "resolved": "https://registry.npmjs.org/chupacabras/-/chupacabras-2.0.0-1.tgz",
      "integrity": "sha1-IjJhQbGcay0om8jcnq0GfUzG9Rs=",
      "requires": {
        "@types/lodash": "4.14.64",
        "@types/node": "6.0.88",
        "@types/qs": "6.2.31",
        "@types/socket.io-client": "1.4.30",
        "isomorphic-fetch": "2.2.1",
        "lodash": "4.10.0",
        "qs": "6.4.0",
        "rx": "4.1.0",
        "socket.io-client": "1.4.8"
      },
      "dependencies": {
        "@types/lodash": {
          "version": "4.14.64",
          "resolved": "https://registry.npmjs.org/@types/lodash/-/lodash-4.14.64.tgz",
          "integrity": "sha1-l5zzo9SjaGcIQL+bPkSNwz/+hO4="
        },
        "@types/node": {
          "version": "6.0.88",
          "resolved": "https://registry.npmjs.org/@types/node/-/node-6.0.88.tgz",
          "integrity": "sha512-bYDPZTX0/s1aihdjLuAgogUAT5M+TpoWChEMea2p0yOcfn5bu3k6cJb9cp6nw268XeSNIGGr+4+/8V5K6BGzLQ=="
        }
      }
    },
    "clone": {
      "version": "1.0.2",
      "resolved": "https://registry.npmjs.org/clone/-/clone-1.0.2.tgz",
      "integrity": "sha1-Jgt6meux7f4kdTgXX3gyQ8sZ0Uk="
    },
    "clone-stats": {
      "version": "0.0.1",
      "resolved": "https://registry.npmjs.org/clone-stats/-/clone-stats-0.0.1.tgz",
      "integrity": "sha1-uI+UqCzzi4eR1YBG6kAprYjKmdE="
    },
    "component-bind": {
      "version": "1.0.0",
      "resolved": "https://registry.npmjs.org/component-bind/-/component-bind-1.0.0.tgz",
      "integrity": "sha1-AMYIq33Nk4l8AAllGx06jh5zu9E="
    },
    "component-emitter": {
      "version": "1.2.0",
      "resolved": "https://registry.npmjs.org/component-emitter/-/component-emitter-1.2.0.tgz",
      "integrity": "sha1-zNETqGOI0GSC0D3j/H35hSa6jv4="
    },
    "component-inherit": {
      "version": "0.0.3",
      "resolved": "https://registry.npmjs.org/component-inherit/-/component-inherit-0.0.3.tgz",
      "integrity": "sha1-ZF/ErfWLcrZJ1crmUTVhnbJv8UM="
    },
    "concat-map": {
      "version": "0.0.1",
      "resolved": "https://registry.npmjs.org/concat-map/-/concat-map-0.0.1.tgz",
      "integrity": "sha1-2Klr13/Wjfd5OnMDajug1UBdR3s="
    },
    "copy": {
      "version": "0.3.0",
      "resolved": "https://registry.npmjs.org/copy/-/copy-0.3.0.tgz",
      "integrity": "sha1-DV/aXgY9Le35kreKwGCgggyu7/M=",
      "requires": {
        "async-each": "1.0.1",
        "bluebird": "3.5.0",
        "extend-shallow": "2.0.1",
        "file-contents": "0.3.2",
        "glob-parent": "2.0.0",
        "graceful-fs": "4.1.11",
        "has-glob": "0.1.1",
        "is-absolute": "0.2.6",
        "lazy-cache": "2.0.2",
        "log-ok": "0.1.1",
        "matched": "0.4.4",
        "mkdirp": "0.5.1",
        "resolve-dir": "0.1.1",
        "to-file": "0.2.0"
      }
    },
    "core-js": {
      "version": "1.2.7",
      "resolved": "https://registry.npmjs.org/core-js/-/core-js-1.2.7.tgz",
      "integrity": "sha1-ZSKUwUZR2yj6k70tX/KYOk8IxjY="
    },
    "core-util-is": {
      "version": "1.0.2",
      "resolved": "https://registry.npmjs.org/core-util-is/-/core-util-is-1.0.2.tgz",
      "integrity": "sha1-tf1UIgqivFq1eqtxQMlAdUUDwac="
    },
    "create-react-class": {
      "version": "15.6.0",
      "resolved": "https://registry.npmjs.org/create-react-class/-/create-react-class-15.6.0.tgz",
      "integrity": "sha1-q0SEl8JlZuHilBPogyB9V8/nvtQ=",
      "requires": {
        "fbjs": "0.8.14",
        "loose-envify": "1.3.1",
        "object-assign": "4.1.1"
      }
    },
    "debug": {
      "version": "2.2.0",
      "resolved": "https://registry.npmjs.org/debug/-/debug-2.2.0.tgz",
      "integrity": "sha1-+HBX6ZWxofauaklgZkE3vFbwOdo=",
      "requires": {
        "ms": "0.7.1"
      }
    },
    "define-property": {
      "version": "0.2.5",
      "resolved": "https://registry.npmjs.org/define-property/-/define-property-0.2.5.tgz",
      "integrity": "sha1-w1se+RjsPJkPmlvFe+BKrOxcgRY=",
      "requires": {
        "is-descriptor": "0.1.6"
      }
    },
    "encoding": {
      "version": "0.1.12",
      "resolved": "https://registry.npmjs.org/encoding/-/encoding-0.1.12.tgz",
      "integrity": "sha1-U4tm8+5izRq1HsMjgp0flIDHS+s=",
      "requires": {
        "iconv-lite": "0.4.18"
      }
    },
    "engine.io-client": {
      "version": "1.6.11",
      "resolved": "https://registry.npmjs.org/engine.io-client/-/engine.io-client-1.6.11.tgz",
      "integrity": "sha1-fSUNj6HCGBGezeUTkEWKV9UXE3Y=",
      "requires": {
        "component-emitter": "1.1.2",
        "component-inherit": "0.0.3",
        "debug": "2.2.0",
        "engine.io-parser": "1.2.4",
        "has-cors": "1.1.0",
        "indexof": "0.0.1",
        "parsejson": "0.0.1",
        "parseqs": "0.0.2",
        "parseuri": "0.0.4",
        "ws": "1.0.1",
        "xmlhttprequest-ssl": "1.5.1",
        "yeast": "0.1.2"
      },
      "dependencies": {
        "component-emitter": {
          "version": "1.1.2",
          "resolved": "https://registry.npmjs.org/component-emitter/-/component-emitter-1.1.2.tgz",
          "integrity": "sha1-KWWU8nU9qmOZbSrwjRWpURbJrsM="
        }
      }
    },
    "engine.io-parser": {
      "version": "1.2.4",
      "resolved": "https://registry.npmjs.org/engine.io-parser/-/engine.io-parser-1.2.4.tgz",
      "integrity": "sha1-4Il7C/FOeS1M0qWVBVORnFaUjEI=",
      "requires": {
        "after": "0.8.1",
        "arraybuffer.slice": "0.0.6",
        "base64-arraybuffer": "0.1.2",
        "blob": "0.0.4",
        "has-binary": "0.1.6",
        "utf8": "2.1.0"
      },
      "dependencies": {
        "has-binary": {
          "version": "0.1.6",
          "resolved": "https://registry.npmjs.org/has-binary/-/has-binary-0.1.6.tgz",
          "integrity": "sha1-JTJvOc+k9hath4eJTjryz7x7bhA=",
          "requires": {
            "isarray": "0.0.1"
          }
        }
      }
    },
    "envify": {
      "version": "4.0.0",
      "resolved": "https://registry.npmjs.org/envify/-/envify-4.0.0.tgz",
      "integrity": "sha1-95E0Pj0RzCnM5BFQMAqK9hxmyrA=",
      "requires": {
        "esprima": "3.1.3",
        "through": "2.3.8"
      }
    },
    "esprima": {
      "version": "3.1.3",
      "resolved": "https://registry.npmjs.org/esprima/-/esprima-3.1.3.tgz",
      "integrity": "sha1-/cpRzuYTOJXjyI1TXOSdv/YqRjM="
    },
    "expand-tilde": {
      "version": "1.2.2",
      "resolved": "https://registry.npmjs.org/expand-tilde/-/expand-tilde-1.2.2.tgz",
      "integrity": "sha1-C4HrqJflo9MdHD0QL48BRB5VlEk=",
      "requires": {
        "os-homedir": "1.0.2"
      }
    },
    "expect.js": {
      "version": "0.3.1",
      "resolved": "https://registry.npmjs.org/expect.js/-/expect.js-0.3.1.tgz",
      "integrity": "sha1-sKWaDS7/VDdUTr8M6qYBWEHQm1s=",
      "dev": true
    },
    "extend-shallow": {
      "version": "2.0.1",
      "resolved": "https://registry.npmjs.org/extend-shallow/-/extend-shallow-2.0.1.tgz",
      "integrity": "sha1-Ua99YUrZqfYQ6huvu5idaxxWiQ8=",
      "requires": {
        "is-extendable": "0.1.1"
      }
    },
    "fbjs": {
      "version": "0.8.14",
      "resolved": "https://registry.npmjs.org/fbjs/-/fbjs-0.8.14.tgz",
      "integrity": "sha1-0dviviVMNakeCfMfnNUKQLKg7Rw=",
      "requires": {
        "core-js": "1.2.7",
        "isomorphic-fetch": "2.2.1",
        "loose-envify": "1.3.1",
        "object-assign": "4.1.1",
        "promise": "7.3.1",
        "setimmediate": "1.0.5",
        "ua-parser-js": "0.7.14"
      }
    },
    "file-contents": {
      "version": "0.3.2",
      "resolved": "https://registry.npmjs.org/file-contents/-/file-contents-0.3.2.tgz",
      "integrity": "sha1-oJOf7RuM2hWAJm/Gt1OiMvtG3lM=",
      "requires": {
        "define-property": "0.2.5",
        "extend-shallow": "2.0.1",
        "file-stat": "0.2.3",
        "fs-exists-sync": "0.1.0",
        "graceful-fs": "4.1.11",
        "is-buffer": "1.1.5",
        "isobject": "2.1.0",
        "lazy-cache": "2.0.2",
        "strip-bom-buffer": "0.1.1",
        "strip-bom-string": "0.1.2",
        "through2": "2.0.3",
        "vinyl": "1.2.0"
      }
    },
    "file-stat": {
      "version": "0.2.3",
      "resolved": "https://registry.npmjs.org/file-stat/-/file-stat-0.2.3.tgz",
      "integrity": "sha1-Rpp+kn1pMAeWJM2zgQlAVFbLBqk=",
      "requires": {
        "fs-exists-sync": "0.1.0",
        "graceful-fs": "4.1.11",
        "lazy-cache": "2.0.2",
        "through2": "2.0.3"
      }
    },
    "fs-exists-sync": {
      "version": "0.1.0",
      "resolved": "https://registry.npmjs.org/fs-exists-sync/-/fs-exists-sync-0.1.0.tgz",
      "integrity": "sha1-mC1ok6+RjnLQjeyehnP/K1qNat0="
    },
    "fs.realpath": {
      "version": "1.0.0",
      "resolved": "https://registry.npmjs.org/fs.realpath/-/fs.realpath-1.0.0.tgz",
      "integrity": "sha1-FQStJSMVjKpA20onh8sBQRmU6k8="
    },
    "glob": {
      "version": "7.1.2",
      "resolved": "https://registry.npmjs.org/glob/-/glob-7.1.2.tgz",
      "integrity": "sha512-MJTUg1kjuLeQCJ+ccE4Vpa6kKVXkPYJ2mOCQyUuKLcLQsdrMCpBPUi8qVE6+YuaJkozeA9NusTAw3hLr8Xe5EQ==",
      "requires": {
        "fs.realpath": "1.0.0",
        "inflight": "1.0.6",
        "inherits": "2.0.3",
        "minimatch": "3.0.4",
        "once": "1.4.0",
        "path-is-absolute": "1.0.1"
      }
    },
    "glob-parent": {
      "version": "2.0.0",
      "resolved": "https://registry.npmjs.org/glob-parent/-/glob-parent-2.0.0.tgz",
      "integrity": "sha1-gTg9ctsFT8zPUzbaqQLxgvbtuyg=",
      "requires": {
        "is-glob": "2.0.1"
      }
    },
    "global-modules": {
      "version": "0.2.3",
      "resolved": "https://registry.npmjs.org/global-modules/-/global-modules-0.2.3.tgz",
      "integrity": "sha1-6lo77ULG1s6ZWk+KEmm12uIjgo0=",
      "requires": {
        "global-prefix": "0.1.5",
        "is-windows": "0.2.0"
      }
    },
    "global-prefix": {
      "version": "0.1.5",
      "resolved": "https://registry.npmjs.org/global-prefix/-/global-prefix-0.1.5.tgz",
      "integrity": "sha1-jTvGuNo8qBEqFg2NSW/wRiv+948=",
      "requires": {
        "homedir-polyfill": "1.0.1",
        "ini": "1.3.4",
        "is-windows": "0.2.0",
        "which": "1.3.0"
      }
    },
    "graceful-fs": {
      "version": "4.1.11",
      "resolved": "https://registry.npmjs.org/graceful-fs/-/graceful-fs-4.1.11.tgz",
      "integrity": "sha1-Dovf5NHduIVNZOBOp8AOKgJuVlg="
    },
    "has-binary": {
      "version": "0.1.7",
      "resolved": "https://registry.npmjs.org/has-binary/-/has-binary-0.1.7.tgz",
      "integrity": "sha1-aOYesWIQyVRaClzOBqhzkS/h5ow=",
      "requires": {
        "isarray": "0.0.1"
      }
    },
    "has-cors": {
      "version": "1.1.0",
      "resolved": "https://registry.npmjs.org/has-cors/-/has-cors-1.1.0.tgz",
      "integrity": "sha1-XkdHk/fqmEPRu5nCPu9J/xJv/zk="
    },
    "has-glob": {
      "version": "0.1.1",
      "resolved": "https://registry.npmjs.org/has-glob/-/has-glob-0.1.1.tgz",
      "integrity": "sha1-omHEwqbGZ+DHe3AKfyl8Oe86pYk=",
      "requires": {
        "is-glob": "2.0.1"
      }
    },
    "history": {
      "version": "3.3.0",
      "resolved": "https://registry.npmjs.org/history/-/history-3.3.0.tgz",
      "integrity": "sha1-/O3M6PEpdTcVRdc1RhAzV5ptrpw=",
      "requires": {
        "invariant": "2.2.2",
        "loose-envify": "1.3.1",
        "query-string": "4.3.4",
        "warning": "3.0.0"
      }
    },
    "hoist-non-react-statics": {
      "version": "1.2.0",
      "resolved": "https://registry.npmjs.org/hoist-non-react-statics/-/hoist-non-react-statics-1.2.0.tgz",
      "integrity": "sha1-qkSM8JhtVcxAdzsXF0t90GbLfPs="
    },
    "homedir-polyfill": {
      "version": "1.0.1",
      "resolved": "https://registry.npmjs.org/homedir-polyfill/-/homedir-polyfill-1.0.1.tgz",
      "integrity": "sha1-TCu8inWJmP7r9e1oWA921GdotLw=",
      "requires": {
        "parse-passwd": "1.0.0"
      }
    },
    "iconv-lite": {
      "version": "0.4.18",
      "resolved": "https://registry.npmjs.org/iconv-lite/-/iconv-lite-0.4.18.tgz",
      "integrity": "sha512-sr1ZQph3UwHTR0XftSbK85OvBbxe/abLGzEnPENCQwmHf7sck8Oyu4ob3LgBxWWxRoM+QszeUyl7jbqapu2TqA=="
    },
    "indexof": {
      "version": "0.0.1",
      "resolved": "https://registry.npmjs.org/indexof/-/indexof-0.0.1.tgz",
      "integrity": "sha1-gtwzbSMrkGIXnQWrMpOmYFn9Q10="
    },
    "inflight": {
      "version": "1.0.6",
      "resolved": "https://registry.npmjs.org/inflight/-/inflight-1.0.6.tgz",
      "integrity": "sha1-Sb1jMdfQLQwJvJEKEHW6gWW1bfk=",
      "requires": {
        "once": "1.4.0",
        "wrappy": "1.0.2"
      }
    },
    "inherits": {
      "version": "2.0.3",
      "resolved": "https://registry.npmjs.org/inherits/-/inherits-2.0.3.tgz",
      "integrity": "sha1-Yzwsg+PaQqUC9SRmAiSA9CCCYd4="
    },
    "ini": {
      "version": "1.3.4",
      "resolved": "https://registry.npmjs.org/ini/-/ini-1.3.4.tgz",
      "integrity": "sha1-BTfLedr1m1mhpRff9wbIbsA5Fi4="
    },
    "invariant": {
      "version": "2.2.2",
      "resolved": "https://registry.npmjs.org/invariant/-/invariant-2.2.2.tgz",
      "integrity": "sha1-nh9WrArNtr8wMwbzOL47IErmA2A=",
      "requires": {
        "loose-envify": "1.3.1"
      }
    },
    "inversify": {
      "version": "3.0.0",
      "resolved": "https://registry.npmjs.org/inversify/-/inversify-3.0.0.tgz",
      "integrity": "sha1-sOX35I9qNTUBSy8S4jOFyuOJTas="
    },
    "inversify-inject-decorators": {
      "version": "3.0.1",
      "resolved": "https://registry.npmjs.org/inversify-inject-decorators/-/inversify-inject-decorators-3.0.1.tgz",
      "integrity": "sha1-3kbfRrpyZC6srHlFHsXBAeTbywA="
    },
    "is-absolute": {
      "version": "0.2.6",
      "resolved": "https://registry.npmjs.org/is-absolute/-/is-absolute-0.2.6.tgz",
      "integrity": "sha1-IN5p89uULvLYe5wto28XIjWxtes=",
      "requires": {
        "is-relative": "0.2.1",
        "is-windows": "0.2.0"
      }
    },
    "is-accessor-descriptor": {
      "version": "0.1.6",
      "resolved": "https://registry.npmjs.org/is-accessor-descriptor/-/is-accessor-descriptor-0.1.6.tgz",
      "integrity": "sha1-qeEss66Nh2cn7u84Q/igiXtcmNY=",
      "requires": {
        "kind-of": "3.2.2"
      },
      "dependencies": {
        "kind-of": {
          "version": "3.2.2",
          "resolved": "https://registry.npmjs.org/kind-of/-/kind-of-3.2.2.tgz",
          "integrity": "sha1-MeohpzS6ubuw8yRm2JOupR5KPGQ=",
          "requires": {
            "is-buffer": "1.1.5"
          }
        }
      }
    },
    "is-buffer": {
      "version": "1.1.5",
      "resolved": "https://registry.npmjs.org/is-buffer/-/is-buffer-1.1.5.tgz",
      "integrity": "sha1-Hzsm72E7IUuIy8ojzGwB2Hlh7sw="
    },
    "is-data-descriptor": {
      "version": "0.1.4",
      "resolved": "https://registry.npmjs.org/is-data-descriptor/-/is-data-descriptor-0.1.4.tgz",
      "integrity": "sha1-C17mSDiOLIYCgueT8YVv7D8wG1Y=",
      "requires": {
        "kind-of": "3.2.2"
      },
      "dependencies": {
        "kind-of": {
          "version": "3.2.2",
          "resolved": "https://registry.npmjs.org/kind-of/-/kind-of-3.2.2.tgz",
          "integrity": "sha1-MeohpzS6ubuw8yRm2JOupR5KPGQ=",
          "requires": {
            "is-buffer": "1.1.5"
          }
        }
      }
    },
    "is-descriptor": {
      "version": "0.1.6",
      "resolved": "https://registry.npmjs.org/is-descriptor/-/is-descriptor-0.1.6.tgz",
      "integrity": "sha512-avDYr0SB3DwO9zsMov0gKCESFYqCnE4hq/4z3TdUlukEy5t9C0YRq7HLrsN52NAcqXKaepeCD0n+B0arnVG3Hg==",
      "requires": {
        "is-accessor-descriptor": "0.1.6",
        "is-data-descriptor": "0.1.4",
        "kind-of": "5.0.2"
      }
    },
    "is-extendable": {
      "version": "0.1.1",
      "resolved": "https://registry.npmjs.org/is-extendable/-/is-extendable-0.1.1.tgz",
      "integrity": "sha1-YrEQ4omkcUGOPsNqYX1HLjAd/Ik="
    },
    "is-extglob": {
      "version": "1.0.0",
      "resolved": "https://registry.npmjs.org/is-extglob/-/is-extglob-1.0.0.tgz",
      "integrity": "sha1-rEaBd8SUNAWgkvyPKXYMb/xiBsA="
    },
    "is-glob": {
      "version": "2.0.1",
      "resolved": "https://registry.npmjs.org/is-glob/-/is-glob-2.0.1.tgz",
      "integrity": "sha1-0Jb5JqPe1WAPP9/ZEZjLCIjC2GM=",
      "requires": {
        "is-extglob": "1.0.0"
      }
    },
    "is-relative": {
      "version": "0.2.1",
      "resolved": "https://registry.npmjs.org/is-relative/-/is-relative-0.2.1.tgz",
      "integrity": "sha1-0n9MfVFtF1+2ENuEu+7yPDvJeqU=",
      "requires": {
        "is-unc-path": "0.1.2"
      }
    },
    "is-stream": {
      "version": "1.1.0",
      "resolved": "https://registry.npmjs.org/is-stream/-/is-stream-1.1.0.tgz",
      "integrity": "sha1-EtSj3U5o4Lec6428hBc66A2RykQ="
    },
    "is-unc-path": {
      "version": "0.1.2",
      "resolved": "https://registry.npmjs.org/is-unc-path/-/is-unc-path-0.1.2.tgz",
      "integrity": "sha1-arBTpyVzwQJQ/0FqOBTDUXivObk=",
      "requires": {
        "unc-path-regex": "0.1.2"
      }
    },
    "is-utf8": {
      "version": "0.2.1",
      "resolved": "https://registry.npmjs.org/is-utf8/-/is-utf8-0.2.1.tgz",
      "integrity": "sha1-Sw2hRCEE0bM2NA6AeX6GXPOffXI="
    },
    "is-valid-glob": {
      "version": "0.3.0",
      "resolved": "https://registry.npmjs.org/is-valid-glob/-/is-valid-glob-0.3.0.tgz",
      "integrity": "sha1-1LVcafUYhvm2XHDWwmItN+KfSP4="
    },
    "is-windows": {
      "version": "0.2.0",
      "resolved": "https://registry.npmjs.org/is-windows/-/is-windows-0.2.0.tgz",
      "integrity": "sha1-3hqm1j6indJIc3tp8f+LgALSEIw="
    },
    "isarray": {
      "version": "0.0.1",
      "resolved": "https://registry.npmjs.org/isarray/-/isarray-0.0.1.tgz",
      "integrity": "sha1-ihis/Kmo9Bd+Cav8YDiTmwXR7t8="
    },
    "isexe": {
      "version": "2.0.0",
      "resolved": "https://registry.npmjs.org/isexe/-/isexe-2.0.0.tgz",
      "integrity": "sha1-6PvzdNxVb/iUehDcsFctYz8s+hA="
    },
    "isobject": {
      "version": "2.1.0",
      "resolved": "https://registry.npmjs.org/isobject/-/isobject-2.1.0.tgz",
      "integrity": "sha1-8GVWEJaj8dou9GJy+BXIQNh+DIk=",
      "requires": {
        "isarray": "1.0.0"
      },
      "dependencies": {
        "isarray": {
          "version": "1.0.0",
          "resolved": "https://registry.npmjs.org/isarray/-/isarray-1.0.0.tgz",
          "integrity": "sha1-u5NdSFgsuhaMBoNJV6VKPgcSTxE="
        }
      }
    },
    "isomorphic-fetch": {
      "version": "2.2.1",
      "resolved": "https://registry.npmjs.org/isomorphic-fetch/-/isomorphic-fetch-2.2.1.tgz",
      "integrity": "sha1-YRrhrPFPXoH3KVB0coGf6XM1WKk=",
      "requires": {
        "node-fetch": "1.7.2",
        "whatwg-fetch": "2.0.3"
      }
    },
    "js-tokens": {
      "version": "3.0.2",
      "resolved": "https://registry.npmjs.org/js-tokens/-/js-tokens-3.0.2.tgz",
      "integrity": "sha1-mGbfOVECEw449/mWvOtlRDIJwls="
    },
    "json3": {
      "version": "3.3.2",
      "resolved": "https://registry.npmjs.org/json3/-/json3-3.3.2.tgz",
      "integrity": "sha1-PAQ0dD35Pi9cQq7nsZvLSDV19OE="
    },
    "kind-of": {
      "version": "5.0.2",
      "resolved": "https://registry.npmjs.org/kind-of/-/kind-of-5.0.2.tgz",
      "integrity": "sha512-ru8+TQHbN8956c7ZlkgK5Imjx0GMat3jN45GNIthpPeb+SzLrqSg/NG7llQtIqUTbrdu5Oi0lSnIoJmDTwwSzw=="
    },
    "lazy-cache": {
      "version": "2.0.2",
      "resolved": "https://registry.npmjs.org/lazy-cache/-/lazy-cache-2.0.2.tgz",
      "integrity": "sha1-uRkKT5EzVGlIQIWfio9whNiCImQ=",
      "requires": {
        "set-getter": "0.1.0"
      }
    },
    "lodash": {
      "version": "4.10.0",
      "resolved": "https://registry.npmjs.org/lodash/-/lodash-4.10.0.tgz",
      "integrity": "sha1-PY86x6WpBP2wHiz+FAGHm/llLGo="
    },
    "log-ok": {
      "version": "0.1.1",
      "resolved": "https://registry.npmjs.org/log-ok/-/log-ok-0.1.1.tgz",
      "integrity": "sha1-vqPdNqzQuKckDXhza1uXxlREozQ=",
      "requires": {
        "ansi-green": "0.1.1",
        "success-symbol": "0.1.0"
      }
    },
    "loose-envify": {
      "version": "1.3.1",
      "resolved": "https://registry.npmjs.org/loose-envify/-/loose-envify-1.3.1.tgz",
      "integrity": "sha1-0aitM/qc4OcT1l/dCsi3SNR4yEg=",
      "requires": {
        "js-tokens": "3.0.2"
      }
    },
    "matched": {
      "version": "0.4.4",
      "resolved": "https://registry.npmjs.org/matched/-/matched-0.4.4.tgz",
      "integrity": "sha1-Vte36xgDPwz5vFLrIJD6x9weifo=",
      "requires": {
        "arr-union": "3.1.0",
        "async-array-reduce": "0.2.1",
        "extend-shallow": "2.0.1",
        "fs-exists-sync": "0.1.0",
        "glob": "7.1.2",
        "has-glob": "0.1.1",
        "is-valid-glob": "0.3.0",
        "lazy-cache": "2.0.2",
        "resolve-dir": "0.1.1"
      }
    },
    "minimatch": {
      "version": "3.0.4",
      "resolved": "https://registry.npmjs.org/minimatch/-/minimatch-3.0.4.tgz",
      "integrity": "sha512-yJHVQEhyqPLUTgt9B83PXu6W3rx4MvvHvSUvToogpwoGDOUQ+yDrR0HRot+yOCdCO7u4hX3pWft6kWBBcqh0UA==",
      "requires": {
        "brace-expansion": "1.1.8"
      }
    },
    "minimist": {
      "version": "0.0.8",
      "resolved": "https://registry.npmjs.org/minimist/-/minimist-0.0.8.tgz",
      "integrity": "sha1-hX/Kv8M5fSYluCKCYuhqp6ARsF0="
    },
    "mkdirp": {
      "version": "0.5.1",
      "resolved": "https://registry.npmjs.org/mkdirp/-/mkdirp-0.5.1.tgz",
      "integrity": "sha1-MAV0OOrGz3+MR2fzhkjWaX11yQM=",
      "requires": {
        "minimist": "0.0.8"
      }
    },
    "ms": {
      "version": "0.7.1",
      "resolved": "https://registry.npmjs.org/ms/-/ms-0.7.1.tgz",
      "integrity": "sha1-nNE8A62/8ltl7/3nzoZO6VIBcJg="
    },
    "ninjagoat": {
      "version": "2.5.1",
      "resolved": "https://registry.npmjs.org/ninjagoat/-/ninjagoat-2.5.1.tgz",
      "integrity": "sha1-i9Ywurz3InRL0T0FubryUJClBak=",
      "requires": {
        "@types/history": "2.0.48",
        "@types/lodash": "4.14.64",
        "@types/node": "6.0.88",
        "@types/react": "15.0.38",
        "@types/react-dom": "15.5.4",
        "@types/react-router": "3.0.13",
        "bivio": "0.3.2",
        "inversify": "3.0.0",
        "inversify-inject-decorators": "3.0.1",
        "lodash": "4.10.0",
        "react-router": "3.0.5",
        "reflect-metadata": "0.1.8",
        "rx": "4.1.0",
        "uuid": "2.0.3",
        "whatwg-fetch": "2.0.3"
      },
      "dependencies": {
        "@types/lodash": {
          "version": "4.14.64",
          "resolved": "https://registry.npmjs.org/@types/lodash/-/lodash-4.14.64.tgz",
          "integrity": "sha1-l5zzo9SjaGcIQL+bPkSNwz/+hO4="
        },
        "@types/node": {
          "version": "6.0.88",
          "resolved": "https://registry.npmjs.org/@types/node/-/node-6.0.88.tgz",
          "integrity": "sha512-bYDPZTX0/s1aihdjLuAgogUAT5M+TpoWChEMea2p0yOcfn5bu3k6cJb9cp6nw268XeSNIGGr+4+/8V5K6BGzLQ=="
        },
        "reflect-metadata": {
          "version": "0.1.8",
          "resolved": "https://registry.npmjs.org/reflect-metadata/-/reflect-metadata-0.1.8.tgz",
          "integrity": "sha1-ckJtVwtgd242iJaL1auVN6Fc7PY="
        }
      }
    },
    "ninjagoat-projections": {
      "version": "3.0.0-4",
      "resolved": "https://registry.npmjs.org/ninjagoat-projections/-/ninjagoat-projections-3.0.0-4.tgz",
      "integrity": "sha1-hEXjmVlBW2eZXzHWwsnQunwKtj4=",
      "requires": {
        "@types/lodash": "4.14.64",
        "@types/node": "6.0.88",
        "@types/socket.io-client": "1.4.30",
        "chupacabras": "2.0.0-1",
        "inversify": "3.0.0",
        "lodash": "4.10.0",
        "react": "15.4.2",
        "react-dom": "15.4.2",
        "reflect-metadata": "0.1.8",
        "rx": "4.1.0",
        "socket.io-client": "1.4.8"
      },
      "dependencies": {
        "@types/lodash": {
          "version": "4.14.64",
          "resolved": "https://registry.npmjs.org/@types/lodash/-/lodash-4.14.64.tgz",
          "integrity": "sha1-l5zzo9SjaGcIQL+bPkSNwz/+hO4="
        },
        "@types/node": {
          "version": "6.0.88",
          "resolved": "https://registry.npmjs.org/@types/node/-/node-6.0.88.tgz",
          "integrity": "sha512-bYDPZTX0/s1aihdjLuAgogUAT5M+TpoWChEMea2p0yOcfn5bu3k6cJb9cp6nw268XeSNIGGr+4+/8V5K6BGzLQ=="
        },
        "reflect-metadata": {
          "version": "0.1.8",
          "resolved": "https://registry.npmjs.org/reflect-metadata/-/reflect-metadata-0.1.8.tgz",
          "integrity": "sha1-ckJtVwtgd242iJaL1auVN6Fc7PY="
        }
      }
    },
    "node-fetch": {
      "version": "1.7.2",
      "resolved": "https://registry.npmjs.org/node-fetch/-/node-fetch-1.7.2.tgz",
      "integrity": "sha512-xZZUq2yDhKMIn/UgG5q//IZSNLJIwW2QxS14CNH5spuiXkITM2pUitjdq58yLSaU7m4M0wBNaM2Gh/ggY4YJig==",
      "requires": {
        "encoding": "0.1.12",
        "is-stream": "1.1.0"
      }
    },
    "object-assign": {
      "version": "4.1.1",
      "resolved": "https://registry.npmjs.org/object-assign/-/object-assign-4.1.1.tgz",
      "integrity": "sha1-IQmtx5ZYh8/AXLvUQsrIv7s2CGM="
    },
    "object-component": {
      "version": "0.0.3",
      "resolved": "https://registry.npmjs.org/object-component/-/object-component-0.0.3.tgz",
      "integrity": "sha1-8MaapQ78lbhmwYb0AKM3acsvEpE="
    },
    "once": {
      "version": "1.4.0",
      "resolved": "https://registry.npmjs.org/once/-/once-1.4.0.tgz",
      "integrity": "sha1-WDsap3WWHUsROsF9nFC6753Xa9E=",
      "requires": {
        "wrappy": "1.0.2"
      }
    },
    "options": {
      "version": "0.0.6",
      "resolved": "https://registry.npmjs.org/options/-/options-0.0.6.tgz",
      "integrity": "sha1-7CLTEoBrtT5zF3Pnza788cZDEo8="
    },
    "os-homedir": {
      "version": "1.0.2",
      "resolved": "https://registry.npmjs.org/os-homedir/-/os-homedir-1.0.2.tgz",
      "integrity": "sha1-/7xJiDNuDoM94MFox+8VISGqf7M="
    },
    "parse-passwd": {
      "version": "1.0.0",
      "resolved": "https://registry.npmjs.org/parse-passwd/-/parse-passwd-1.0.0.tgz",
      "integrity": "sha1-bVuTSkVpk7I9N/QKOC1vFmao5cY="
    },
    "parsejson": {
      "version": "0.0.1",
      "resolved": "https://registry.npmjs.org/parsejson/-/parsejson-0.0.1.tgz",
      "integrity": "sha1-mxDGwNglq1ieaFFTgm3go7oni8w=",
      "requires": {
        "better-assert": "1.0.2"
      }
    },
    "parseqs": {
      "version": "0.0.2",
      "resolved": "https://registry.npmjs.org/parseqs/-/parseqs-0.0.2.tgz",
      "integrity": "sha1-nf5wss3aw4i95PNbHyQPpYrb5sc=",
      "requires": {
        "better-assert": "1.0.2"
      }
    },
    "parseuri": {
      "version": "0.0.4",
      "resolved": "https://registry.npmjs.org/parseuri/-/parseuri-0.0.4.tgz",
      "integrity": "sha1-gGWCo5iH4eoY3V4v4OAZAiaOk1A=",
      "requires": {
        "better-assert": "1.0.2"
      }
    },
    "path-is-absolute": {
      "version": "1.0.1",
      "resolved": "https://registry.npmjs.org/path-is-absolute/-/path-is-absolute-1.0.1.tgz",
      "integrity": "sha1-F0uSaHNVNP+8es5r9TpanhtcX18="
    },
    "postinstall-build": {
      "version": "2.1.3",
      "resolved": "https://registry.npmjs.org/postinstall-build/-/postinstall-build-2.1.3.tgz",
      "integrity": "sha1-nRiGqylJYZ9MIGr74a6pXevkXJQ=",
      "dev": true
    },
    "process-nextick-args": {
      "version": "1.0.7",
      "resolved": "https://registry.npmjs.org/process-nextick-args/-/process-nextick-args-1.0.7.tgz",
      "integrity": "sha1-FQ4gt1ZZCtP5EJPyWk8q2L/zC6M="
    },
    "promise": {
      "version": "7.3.1",
      "resolved": "https://registry.npmjs.org/promise/-/promise-7.3.1.tgz",
      "integrity": "sha512-nolQXZ/4L+bP/UGlkfaIujX9BKxGwmQ9OT4mOt5yvy8iK1h3wqTEJCijzGANTCCl9nWjY41juyAn2K3Q1hLLTg==",
      "requires": {
        "asap": "2.0.6"
      }
    },
    "prop-types": {
      "version": "15.5.10",
      "resolved": "https://registry.npmjs.org/prop-types/-/prop-types-15.5.10.tgz",
      "integrity": "sha1-J5ffwxJhguOpXj37suiT3ddFYVQ=",
      "requires": {
        "fbjs": "0.8.14",
        "loose-envify": "1.3.1"
      }
    },
    "qs": {
      "version": "6.4.0",
      "resolved": "https://registry.npmjs.org/qs/-/qs-6.4.0.tgz",
      "integrity": "sha1-E+JtKK1rD/qpExLNO/cI7TUecjM="
    },
    "query-string": {
      "version": "4.3.4",
      "resolved": "https://registry.npmjs.org/query-string/-/query-string-4.3.4.tgz",
      "integrity": "sha1-u7aTucqRXCMlFbIosaArYJBD2+s=",
      "requires": {
        "object-assign": "4.1.1",
        "strict-uri-encode": "1.1.0"
      }
    },
    "react": {
      "version": "15.4.2",
      "resolved": "https://registry.npmjs.org/react/-/react-15.4.2.tgz",
      "integrity": "sha1-QfeZGyYYU5K6m66WyIiefgGDl+8=",
      "requires": {
        "fbjs": "0.8.14",
        "loose-envify": "1.3.1",
        "object-assign": "4.1.1"
      }
    },
    "react-dom": {
      "version": "15.4.2",
      "resolved": "https://registry.npmjs.org/react-dom/-/react-dom-15.4.2.tgz",
      "integrity": "sha1-AVNj8FsKH9Uq6e/dOgBg2QaVII8=",
      "requires": {
        "fbjs": "0.8.14",
        "loose-envify": "1.3.1",
        "object-assign": "4.1.1"
      }
    },
    "react-router": {
      "version": "3.0.5",
      "resolved": "https://registry.npmjs.org/react-router/-/react-router-3.0.5.tgz",
      "integrity": "sha1-w7eHN1gEWou8lWKu9P9LyMznwTY=",
      "requires": {
        "create-react-class": "15.6.0",
        "history": "3.3.0",
        "hoist-non-react-statics": "1.2.0",
        "invariant": "2.2.2",
        "loose-envify": "1.3.1",
        "prop-types": "15.5.10",
        "warning": "3.0.0"
      }
    },
    "readable-stream": {
      "version": "2.3.3",
      "resolved": "https://registry.npmjs.org/readable-stream/-/readable-stream-2.3.3.tgz",
      "integrity": "sha512-m+qzzcn7KUxEmd1gMbchF+Y2eIUbieUaxkWtptyHywrX0rE8QEYqPC07Vuy4Wm32/xE16NcdBctb8S0Xe/5IeQ==",
      "requires": {
        "core-util-is": "1.0.2",
        "inherits": "2.0.3",
        "isarray": "1.0.0",
        "process-nextick-args": "1.0.7",
        "safe-buffer": "5.1.1",
        "string_decoder": "1.0.3",
        "util-deprecate": "1.0.2"
      },
      "dependencies": {
        "isarray": {
          "version": "1.0.0",
          "resolved": "https://registry.npmjs.org/isarray/-/isarray-1.0.0.tgz",
          "integrity": "sha1-u5NdSFgsuhaMBoNJV6VKPgcSTxE="
        }
      }
    },
    "reflect-metadata": {
      "version": "0.1.10",
      "resolved": "https://registry.npmjs.org/reflect-metadata/-/reflect-metadata-0.1.10.tgz",
      "integrity": "sha1-tPg3BEFqytiZiMmxVjXUfgO5NEo="
    },
    "replace-ext": {
      "version": "0.0.1",
      "resolved": "https://registry.npmjs.org/replace-ext/-/replace-ext-0.0.1.tgz",
      "integrity": "sha1-KbvZIHinOfC8zitO5B6DeVNSKSQ="
    },
    "resolve-dir": {
      "version": "0.1.1",
      "resolved": "https://registry.npmjs.org/resolve-dir/-/resolve-dir-0.1.1.tgz",
      "integrity": "sha1-shklmlYC+sXFxJatiUpujMQwJh4=",
      "requires": {
        "expand-tilde": "1.2.2",
        "global-modules": "0.2.3"
      }
    },
    "rx": {
      "version": "4.1.0",
      "resolved": "https://registry.npmjs.org/rx/-/rx-4.1.0.tgz",
      "integrity": "sha1-pfE/957zt0D+MKqAP7CfmIBdR4I="
    },
    "safe-buffer": {
      "version": "5.1.1",
      "resolved": "https://registry.npmjs.org/safe-buffer/-/safe-buffer-5.1.1.tgz",
      "integrity": "sha512-kKvNJn6Mm93gAczWVJg7wH+wGYWNrDHdWvpUmHyEsgCtIwwo3bqPtV4tR5tuPaUhTOo/kvhVwd8XwwOllGYkbg=="
    },
    "set-getter": {
      "version": "0.1.0",
      "resolved": "https://registry.npmjs.org/set-getter/-/set-getter-0.1.0.tgz",
      "integrity": "sha1-12nBgsnVpR9AkUXy+6guXoboA3Y=",
      "requires": {
        "to-object-path": "0.3.0"
      }
    },
    "setimmediate": {
      "version": "1.0.5",
      "resolved": "https://registry.npmjs.org/setimmediate/-/setimmediate-1.0.5.tgz",
      "integrity": "sha1-KQy7Iy4waULX1+qbg3Mqt4VvgoU="
    },
    "smild-extra": {
      "version": "1.4.0",
      "resolved": "https://registry.npmjs.org/smild-extra/-/smild-extra-1.4.0.tgz",
      "integrity": "sha1-bWbKy3g9ZGLCqR+byW3t6E8p4LI=",
      "requires": {
        "@types/lodash": "4.14.46",
        "@types/node": "6.0.88",
        "copy": "0.3.0",
        "lodash": "4.17.4"
      },
      "dependencies": {
        "@types/lodash": {
          "version": "4.14.46",
          "resolved": "https://registry.npmjs.org/@types/lodash/-/lodash-4.14.46.tgz",
          "integrity": "sha1-Uhb3vvjgsavZBDg/suAlSkPCItQ="
        },
        "@types/node": {
          "version": "6.0.88",
          "resolved": "https://registry.npmjs.org/@types/node/-/node-6.0.88.tgz",
          "integrity": "sha512-bYDPZTX0/s1aihdjLuAgogUAT5M+TpoWChEMea2p0yOcfn5bu3k6cJb9cp6nw268XeSNIGGr+4+/8V5K6BGzLQ=="
        },
        "lodash": {
          "version": "4.17.4",
          "resolved": "https://registry.npmjs.org/lodash/-/lodash-4.17.4.tgz",
          "integrity": "sha1-eCA6TRwyiuHYbcpkYONptX9AVa4="
        }
      }
    },
    "socket.io-client": {
      "version": "1.4.8",
      "resolved": "https://registry.npmjs.org/socket.io-client/-/socket.io-client-1.4.8.tgz",
      "integrity": "sha1-SBskHnPfFA6hpPsDSGqFrQl/VVg=",
      "requires": {
        "backo2": "1.0.2",
        "component-bind": "1.0.0",
        "component-emitter": "1.2.0",
        "debug": "2.2.0",
        "engine.io-client": "1.6.11",
        "has-binary": "0.1.7",
        "indexof": "0.0.1",
        "object-component": "0.0.3",
        "parseuri": "0.0.4",
        "socket.io-parser": "2.2.6",
        "to-array": "0.1.4"
      }
    },
    "socket.io-parser": {
      "version": "2.2.6",
      "resolved": "https://registry.npmjs.org/socket.io-parser/-/socket.io-parser-2.2.6.tgz",
      "integrity": "sha1-ON/WHfUNz4qx2eIJEyK/kCuii5k=",
      "requires": {
        "benchmark": "1.0.0",
        "component-emitter": "1.1.2",
        "debug": "2.2.0",
        "isarray": "0.0.1",
        "json3": "3.3.2"
      },
      "dependencies": {
        "component-emitter": {
          "version": "1.1.2",
          "resolved": "https://registry.npmjs.org/component-emitter/-/component-emitter-1.1.2.tgz",
          "integrity": "sha1-KWWU8nU9qmOZbSrwjRWpURbJrsM="
        }
      }
    },
    "strict-uri-encode": {
      "version": "1.1.0",
      "resolved": "https://registry.npmjs.org/strict-uri-encode/-/strict-uri-encode-1.1.0.tgz",
      "integrity": "sha1-J5siXfHVgrH1TmWt3UNS4Y+qBxM="
    },
    "string_decoder": {
      "version": "1.0.3",
      "resolved": "https://registry.npmjs.org/string_decoder/-/string_decoder-1.0.3.tgz",
      "integrity": "sha512-4AH6Z5fzNNBcH+6XDMfA/BTt87skxqJlO0lAh3Dker5zThcAxG6mKz+iGu308UKoPPQ8Dcqx/4JhujzltRa+hQ==",
      "requires": {
        "safe-buffer": "5.1.1"
      }
    },
    "strip-bom-buffer": {
      "version": "0.1.1",
      "resolved": "https://registry.npmjs.org/strip-bom-buffer/-/strip-bom-buffer-0.1.1.tgz",
      "integrity": "sha1-yj3cSRnBP5/d8wsd/xAKmDUki00=",
      "requires": {
        "is-buffer": "1.1.5",
        "is-utf8": "0.2.1"
      }
    },
    "strip-bom-string": {
      "version": "0.1.2",
      "resolved": "https://registry.npmjs.org/strip-bom-string/-/strip-bom-string-0.1.2.tgz",
      "integrity": "sha1-nG5yCjE7qYNliVGEBcz7iKX0G5w="
    },
    "success-symbol": {
      "version": "0.1.0",
      "resolved": "https://registry.npmjs.org/success-symbol/-/success-symbol-0.1.0.tgz",
      "integrity": "sha1-JAIuSG878c3KCUKDt2nEctO3KJc="
    },
    "through": {
      "version": "2.3.8",
      "resolved": "https://registry.npmjs.org/through/-/through-2.3.8.tgz",
      "integrity": "sha1-DdTJ/6q8NXlgsbckEV1+Doai4fU="
    },
    "through2": {
      "version": "2.0.3",
      "resolved": "https://registry.npmjs.org/through2/-/through2-2.0.3.tgz",
      "integrity": "sha1-AARWmzfHx0ujnEPzzteNGtlBQL4=",
      "requires": {
        "readable-stream": "2.3.3",
        "xtend": "4.0.1"
      }
    },
    "to-array": {
      "version": "0.1.4",
      "resolved": "https://registry.npmjs.org/to-array/-/to-array-0.1.4.tgz",
      "integrity": "sha1-F+bBH3PdTz10zaek/zI46a2b+JA="
    },
    "to-file": {
      "version": "0.2.0",
      "resolved": "https://registry.npmjs.org/to-file/-/to-file-0.2.0.tgz",
      "integrity": "sha1-I2xsCIBl5XDe+9Fc9LTlZb5G6pM=",
      "requires": {
        "define-property": "0.2.5",
        "extend-shallow": "2.0.1",
        "file-contents": "0.2.4",
        "glob-parent": "2.0.0",
        "is-valid-glob": "0.3.0",
        "isobject": "2.1.0",
        "lazy-cache": "2.0.2",
        "vinyl": "1.2.0"
      },
      "dependencies": {
        "file-contents": {
          "version": "0.2.4",
          "resolved": "https://registry.npmjs.org/file-contents/-/file-contents-0.2.4.tgz",
          "integrity": "sha1-BQb3uO/2KvpFrkXaTfnp1H30U8s=",
          "requires": {
            "extend-shallow": "2.0.1",
            "file-stat": "0.1.3",
            "graceful-fs": "4.1.11",
            "is-buffer": "1.1.5",
            "is-utf8": "0.2.1",
            "lazy-cache": "0.2.7",
            "through2": "2.0.3"
          },
          "dependencies": {
            "lazy-cache": {
              "version": "0.2.7",
              "resolved": "https://registry.npmjs.org/lazy-cache/-/lazy-cache-0.2.7.tgz",
              "integrity": "sha1-f+3fLctu23fRHvHRF6tf/fCrG2U="
            }
          }
        },
        "file-stat": {
          "version": "0.1.3",
          "resolved": "https://registry.npmjs.org/file-stat/-/file-stat-0.1.3.tgz",
          "integrity": "sha1-0PGWHX0QcykoEgpuaVVHHCpbVBE=",
          "requires": {
            "graceful-fs": "4.1.11",
            "lazy-cache": "0.2.7",
            "through2": "2.0.3"
          },
          "dependencies": {
            "lazy-cache": {
              "version": "0.2.7",
              "resolved": "https://registry.npmjs.org/lazy-cache/-/lazy-cache-0.2.7.tgz",
              "integrity": "sha1-f+3fLctu23fRHvHRF6tf/fCrG2U="
            }
          }
        }
      }
    },
    "to-object-path": {
      "version": "0.3.0",
      "resolved": "https://registry.npmjs.org/to-object-path/-/to-object-path-0.3.0.tgz",
      "integrity": "sha1-KXWIt7Dn4KwI4E5nL4XB9JmeF68=",
      "requires": {
        "kind-of": "3.2.2"
      },
      "dependencies": {
        "kind-of": {
          "version": "3.2.2",
          "resolved": "https://registry.npmjs.org/kind-of/-/kind-of-3.2.2.tgz",
          "integrity": "sha1-MeohpzS6ubuw8yRm2JOupR5KPGQ=",
          "requires": {
            "is-buffer": "1.1.5"
          }
        }
      }
    },
    "typemoq": {
      "version": "1.4.2",
      "resolved": "https://registry.npmjs.org/typemoq/-/typemoq-1.4.2.tgz",
      "integrity": "sha1-kkSRcEK4tRN3uMAT3fiSdKaDZ4Q=",
      "dev": true,
      "requires": {
        "lodash": "4.17.4",
        "postinstall-build": "2.1.3"
      },
      "dependencies": {
        "lodash": {
          "version": "4.17.4",
          "resolved": "https://registry.npmjs.org/lodash/-/lodash-4.17.4.tgz",
          "integrity": "sha1-eCA6TRwyiuHYbcpkYONptX9AVa4=",
          "dev": true
        }
      }
    },
    "ua-parser-js": {
      "version": "0.7.14",
      "resolved": "https://registry.npmjs.org/ua-parser-js/-/ua-parser-js-0.7.14.tgz",
      "integrity": "sha1-EQ1T+kw/MmwSEpK76skE0uAzh8o="
    },
    "ultron": {
      "version": "1.0.2",
      "resolved": "https://registry.npmjs.org/ultron/-/ultron-1.0.2.tgz",
      "integrity": "sha1-rOEWq1V80Zc4ak6I9GhTeMiy5Po="
    },
    "unc-path-regex": {
      "version": "0.1.2",
      "resolved": "https://registry.npmjs.org/unc-path-regex/-/unc-path-regex-0.1.2.tgz",
      "integrity": "sha1-5z3T17DXxe2G+6xrCufYxqadUPo="
    },
    "utf8": {
      "version": "2.1.0",
      "resolved": "https://registry.npmjs.org/utf8/-/utf8-2.1.0.tgz",
      "integrity": "sha1-DP7FyAUtRKI+OqqQgQToB1+V39U="
    },
    "util-deprecate": {
      "version": "1.0.2",
      "resolved": "https://registry.npmjs.org/util-deprecate/-/util-deprecate-1.0.2.tgz",
      "integrity": "sha1-RQ1Nyfpw3nMnYvvS1KKJgUGaDM8="
    },
    "uuid": {
      "version": "2.0.3",
      "resolved": "https://registry.npmjs.org/uuid/-/uuid-2.0.3.tgz",
      "integrity": "sha1-Z+LoY3lyFVMN/zGOW/nc6/1Hsho="
    },
    "vinyl": {
      "version": "1.2.0",
      "resolved": "https://registry.npmjs.org/vinyl/-/vinyl-1.2.0.tgz",
      "integrity": "sha1-XIgDbPVl5d8FVYv8kR+GVt8hiIQ=",
      "requires": {
        "clone": "1.0.2",
        "clone-stats": "0.0.1",
        "replace-ext": "0.0.1"
      }
    },
    "warning": {
      "version": "3.0.0",
      "resolved": "https://registry.npmjs.org/warning/-/warning-3.0.0.tgz",
      "integrity": "sha1-MuU3fLVy3kqwR1O9+IIcAe1gW3w=",
      "requires": {
        "loose-envify": "1.3.1"
      }
    },
    "whatwg-fetch": {
      "version": "2.0.3",
      "resolved": "https://registry.npmjs.org/whatwg-fetch/-/whatwg-fetch-2.0.3.tgz",
      "integrity": "sha1-nITsLc9oGH/wC8ZOEnS0QhduHIQ="
    },
    "which": {
      "version": "1.3.0",
      "resolved": "https://registry.npmjs.org/which/-/which-1.3.0.tgz",
      "integrity": "sha512-xcJpopdamTuY5duC/KnTTNBraPK54YwpenP4lzxU8H91GudWpFv38u0CKjclE1Wi2EH2EDz5LRcHcKbCIzqGyg==",
      "requires": {
        "isexe": "2.0.0"
      }
    },
    "wrappy": {
      "version": "1.0.2",
      "resolved": "https://registry.npmjs.org/wrappy/-/wrappy-1.0.2.tgz",
      "integrity": "sha1-tSQ9jz7BqjXxNkYFvA0QNuMKtp8="
    },
    "ws": {
      "version": "1.0.1",
      "resolved": "https://registry.npmjs.org/ws/-/ws-1.0.1.tgz",
      "integrity": "sha1-fQsqLljN3YGQOcKcneZQReGzEOk=",
      "requires": {
        "options": "0.0.6",
        "ultron": "1.0.2"
      }
    },
    "xmlhttprequest-ssl": {
      "version": "1.5.1",
      "resolved": "https://registry.npmjs.org/xmlhttprequest-ssl/-/xmlhttprequest-ssl-1.5.1.tgz",
      "integrity": "sha1-O3dB/qSoZnWXbpCNKW1ERZYfqmc="
    },
    "xtend": {
      "version": "4.0.1",
      "resolved": "https://registry.npmjs.org/xtend/-/xtend-4.0.1.tgz",
      "integrity": "sha1-pcbVMr5lbiPbgg77lDofBJmNY68="
    },
    "yeast": {
      "version": "0.1.2",
      "resolved": "https://registry.npmjs.org/yeast/-/yeast-0.1.2.tgz",
      "integrity": "sha1-AI4G2AlDIMNy28L47XagymyKxBk="
    }
  }
}
